
Microsoft Visual Studio Solution File, Format Version 12.00
# Visual Studio 15
Project("{FAE04EC0-301F-11D3-BF4B-00C04F79EFBC}") = "Assembly-CSharp", "Assembly-CSharp.csproj", "{300CE427-1E90-BE0C-A8C3-367AE0906E6B}"
EndProject
Project("{FAE04EC0-301F-11D3-BF4B-00C04F79EFBC}") = "Unity.XR.Interaction.Toolkit.Samples.DeviceSimulator", "Unity.XR.Interaction.Toolkit.Samples.DeviceSimulator.csproj", "{65727F0E-7989-2F5B-0975-B209A376C3BD}"
EndProject
Project("{FAE04EC0-301F-11D3-BF4B-00C04F79EFBC}") = "Unity.XR.Interaction.Toolkit.Samples.StarterAssets", "Unity.XR.Interaction.Toolkit.Samples.StarterAssets.csproj", "{9AEC78CE-8403-6A5F-483E-12BE15C1E3CA}"
EndProject
Project("{FAE04EC0-301F-11D3-BF4B-00C04F79EFBC}") = "Unity.XR.Interaction.Toolkit.Samples.StarterAssets.Editor", "Unity.XR.Interaction.Toolkit.Samples.StarterAssets.Editor.csproj", "{7288F2DD-3509-B1C1-185C-60E7E4DDA7F3}"
EndProject
Global
	GlobalSection(SolutionConfigurationPlatforms) = preSolution
		Debug|Any CPU = Debug|Any CPU
		Release|Any CPU = Release|Any CPU
	EndGlobalSection
	GlobalSection(ProjectConfigurationPlatforms) = postSolution
		{300CE427-1E90-BE0C-A8C3-367AE0906E6B}.Debug|Any CPU.ActiveCfg = Debug|Any CPU
		{300CE427-1E90-BE0C-A8C3-367AE0906E6B}.Debug|Any CPU.Build.0 = Debug|Any CPU
		{300CE427-1E90-BE0C-A8C3-367AE0906E6B}.Release|Any CPU.ActiveCfg = Release|Any CPU
		{300CE427-1E90-BE0C-A8C3-367AE0906E6B}.Release|Any CPU.Build.0 = Release|Any CPU
		{65727F0E-7989-2F5B-0975-B209A376C3BD}.Debug|Any CPU.ActiveCfg = Debug|Any CPU
		{65727F0E-7989-2F5B-0975-B209A376C3BD}.Debug|Any CPU.Build.0 = Debug|Any CPU
		{65727F0E-7989-2F5B-0975-B209A376C3BD}.Release|Any CPU.ActiveCfg = Release|Any CPU
		{65727F0E-7989-2F5B-0975-B209A376C3BD}.Release|Any CPU.Build.0 = Release|Any CPU
		{9AEC78CE-8403-6A5F-483E-12BE15C1E3CA}.Debug|Any CPU.ActiveCfg = Debug|Any CPU
		{9AEC78CE-8403-6A5F-483E-12BE15C1E3CA}.Debug|Any CPU.Build.0 = Debug|Any CPU
		{9AEC78CE-8403-6A5F-483E-12BE15C1E3CA}.Release|Any CPU.ActiveCfg = Release|Any CPU
		{9AEC78CE-8403-6A5F-483E-12BE15C1E3CA}.Release|Any CPU.Build.0 = Release|Any CPU
		{7288F2DD-3509-B1C1-185C-60E7E4DDA7F3}.Debug|Any CPU.ActiveCfg = Debug|Any CPU
		{7288F2DD-3509-B1C1-185C-60E7E4DDA7F3}.Debug|Any CPU.Build.0 = Debug|Any CPU
		{7288F2DD-3509-B1C1-185C-60E7E4DDA7F3}.Release|Any CPU.ActiveCfg = Release|Any CPU
		{7288F2DD-3509-B1C1-185C-60E7E4DDA7F3}.Release|Any CPU.Build.0 = Release|Any CPU
	EndGlobalSection
	GlobalSection(SolutionProperties) = preSolution
		HideSolutionNode = FALSE
	EndGlobalSection
EndGlobal
